
Microsoft Visual Studio Solution File, Format Version 12.00
# Visual Studio Version 17
VisualStudioVersion = 17.9.34622.214
MinimumVisualStudioVersion = 10.0.40219.1
Project("{9A19103F-16F7-4668-BE54-9A1E7A4F7556}") = "BlazorShopApi", "BlazorShopApi\BlazorShopApi.csproj", "{A8A210CF-D689-4E20-A87B-B3BBFC1CF615}"
EndProject
Project("{9A19103F-16F7-4668-BE54-9A1E7A4F7556}") = "BlazorShopModels", "BlazorShopModels\BlazorShopModels.csproj", "{5A1A6810-58CF-4084-86CF-BF5EE8741FDC}"
EndProject
Project("{9A19103F-16F7-4668-BE54-9A1E7A4F7556}") = "BlazorShopWeb", "BlazorShopWeb\BlazorShopWeb.csproj", "{8B246220-C9A1-4F9C-B846-BF4E82D4A994}"
EndProject
Global
	GlobalSection(SolutionConfigurationPlatforms) = preSolution
		Debug|Any CPU = Debug|Any CPU
		Release|Any CPU = Release|Any CPU
	EndGlobalSection
	GlobalSection(ProjectConfigurationPlatforms) = postSolution
		{A8A210CF-D689-4E20-A87B-B3BBFC1CF615}.Debug|Any CPU.ActiveCfg = Debug|Any CPU
		{A8A210CF-D689-4E20-A87B-B3BBFC1CF615}.Debug|Any CPU.Build.0 = Debug|Any CPU
		{A8A210CF-D689-4E20-A87B-B3BBFC1CF615}.Release|Any CPU.ActiveCfg = Release|Any CPU
		{A8A210CF-D689-4E20-A87B-B3BBFC1CF615}.Release|Any CPU.Build.0 = Release|Any CPU
		{5A1A6810-58CF-4084-86CF-BF5EE8741FDC}.Debug|Any CPU.ActiveCfg = Debug|Any CPU
		{5A1A6810-58CF-4084-86CF-BF5EE8741FDC}.Debug|Any CPU.Build.0 = Debug|Any CPU
		{5A1A6810-58CF-4084-86CF-BF5EE8741FDC}.Release|Any CPU.ActiveCfg = Release|Any CPU
		{5A1A6810-58CF-4084-86CF-BF5EE8741FDC}.Release|Any CPU.Build.0 = Release|Any CPU
		{8B246220-C9A1-4F9C-B846-BF4E82D4A994}.Debug|Any CPU.ActiveCfg = Debug|Any CPU
		{8B246220-C9A1-4F9C-B846-BF4E82D4A994}.Debug|Any CPU.Build.0 = Debug|Any CPU
		{8B246220-C9A1-4F9C-B846-BF4E82D4A994}.Release|Any CPU.ActiveCfg = Release|Any CPU
		{8B246220-C9A1-4F9C-B846-BF4E82D4A994}.Release|Any CPU.Build.0 = Release|Any CPU
	EndGlobalSection
	GlobalSection(SolutionProperties) = preSolution
		HideSolutionNode = FALSE
	EndGlobalSection
	GlobalSection(ExtensibilityGlobals) = postSolution
		SolutionGuid = {6F99AE13-6790-4DBA-8E4D-7547CAE472CC}
	EndGlobalSection
EndGlobal
